
Microsoft Visual Studio Solution File, Format Version 12.00
# Visual Studio Version 17
VisualStudioVersion = 17.4.33103.184
MinimumVisualStudioVersion = 10.0.40219.1
Project("{FAE04EC0-301F-11D3-BF4B-00C04F79EFBC}") = "AcessoBancoDados", "crud-client\AcessoBancoDados.csproj", "{78B2E28B-6967-4F24-A4CE-3C80AD802146}"
EndProject
Project("{FAE04EC0-301F-11D3-BF4B-00C04F79EFBC}") = "Negocios", "Negocios\Negocios.csproj", "{B3BDBF95-1ACD-47F6-969D-DD072E204C33}"
EndProject
Project("{FAE04EC0-301F-11D3-BF4B-00C04F79EFBC}") = "ObjetoTransferencia", "ObejtoTransferencia\ObjetoTransferencia.csproj", "{9E96A1DF-478E-4E26-8205-8D21668D0BA9}"
EndProject
Project("{FAE04EC0-301F-11D3-BF4B-00C04F79EFBC}") = "Apresentacoes", "Apresentacoes\Apresentacoes.csproj", "{C15E3398-8C68-4AD6-96D6-C1F3260FAEC3}"
EndProject
Global
	GlobalSection(SolutionConfigurationPlatforms) = preSolution
		Debug|Any CPU = Debug|Any CPU
		Release|Any CPU = Release|Any CPU
	EndGlobalSection
	GlobalSection(ProjectConfigurationPlatforms) = postSolution
		{78B2E28B-6967-4F24-A4CE-3C80AD802146}.Debug|Any CPU.ActiveCfg = Debug|Any CPU
		{78B2E28B-6967-4F24-A4CE-3C80AD802146}.Debug|Any CPU.Build.0 = Debug|Any CPU
		{78B2E28B-6967-4F24-A4CE-3C80AD802146}.Release|Any CPU.ActiveCfg = Release|Any CPU
		{78B2E28B-6967-4F24-A4CE-3C80AD802146}.Release|Any CPU.Build.0 = Release|Any CPU
		{B3BDBF95-1ACD-47F6-969D-DD072E204C33}.Debug|Any CPU.ActiveCfg = Debug|Any CPU
		{B3BDBF95-1ACD-47F6-969D-DD072E204C33}.Debug|Any CPU.Build.0 = Debug|Any CPU
		{B3BDBF95-1ACD-47F6-969D-DD072E204C33}.Release|Any CPU.ActiveCfg = Release|Any CPU
		{B3BDBF95-1ACD-47F6-969D-DD072E204C33}.Release|Any CPU.Build.0 = Release|Any CPU
		{9E96A1DF-478E-4E26-8205-8D21668D0BA9}.Debug|Any CPU.ActiveCfg = Debug|Any CPU
		{9E96A1DF-478E-4E26-8205-8D21668D0BA9}.Debug|Any CPU.Build.0 = Debug|Any CPU
		{9E96A1DF-478E-4E26-8205-8D21668D0BA9}.Release|Any CPU.ActiveCfg = Release|Any CPU
		{9E96A1DF-478E-4E26-8205-8D21668D0BA9}.Release|Any CPU.Build.0 = Release|Any CPU
		{C15E3398-8C68-4AD6-96D6-C1F3260FAEC3}.Debug|Any CPU.ActiveCfg = Debug|Any CPU
		{C15E3398-8C68-4AD6-96D6-C1F3260FAEC3}.Debug|Any CPU.Build.0 = Debug|Any CPU
		{C15E3398-8C68-4AD6-96D6-C1F3260FAEC3}.Release|Any CPU.ActiveCfg = Release|Any CPU
		{C15E3398-8C68-4AD6-96D6-C1F3260FAEC3}.Release|Any CPU.Build.0 = Release|Any CPU
	EndGlobalSection
	GlobalSection(SolutionProperties) = preSolution
		HideSolutionNode = FALSE
	EndGlobalSection
	GlobalSection(ExtensibilityGlobals) = postSolution
		SolutionGuid = {B4F015AA-08B4-486C-8437-BF2C9D062595}
	EndGlobalSection
EndGlobal
